// !$*UTF8*$!
{
	archiveVersion = 1;
	classes = {
	};
	objectVersion = 54;
	objects = {

/* Begin PBXBuildFile section */
		00E356F31AD99517003FC87E /* AssignmentProjectTests.m in Sources */ = {isa = PBXBuildFile; fileRef = 00E356F21AD99517003FC87E /* AssignmentProjectTests.m */; };
		0C80B921A6F3F58F76C31292 /* libPods-AssignmentProject.a in Frameworks */ = {isa = PBXBuildFile; fileRef = 5DCACB8F33CDC322A6C60F78 /* libPods-AssignmentProject.a */; };
		13B07FBC1A68108700A75B9A /* AppDelegate.mm in Sources */ = {isa = PBXBuildFile; fileRef = 13B07FB01A68108700A75B9A /* AppDelegate.mm */; };
		13B07FBF1A68108700A75B9A /* Images.xcassets in Resources */ = {isa = PBXBuildFile; fileRef = 13B07FB51A68108700A75B9A /* Images.xcassets */; };
		13B07FC11A68108700A75B9A /* main.m in Sources */ = {isa = PBXBuildFile; fileRef = 13B07FB71A68108700A75B9A /* main.m */; };
		7699B88040F8A987B510C191 /* libPods-AssignmentProject-AssignmentProjectTests.a in Frameworks */ = {isa = PBXBuildFile; fileRef = 19F6CBCC0A4E27FBF8BF4A61 /* libPods-AssignmentProject-AssignmentProjectTests.a */; };
		81AB9BB82411601600AC10FF /* LaunchScreen.storyboard in Resources */ = {isa = PBXBuildFile; fileRef = 81AB9BB72411601600AC10FF /* LaunchScreen.storyboard */; };
		5B3C3A9AE5624C6A957B185F /* Inter-Black.ttf in Resources */ = {isa = PBXBuildFile; fileRef = 68C67D5A6767480FBC611D35 /* Inter-Black.ttf */; };
		EB48A02C7351459BBB986A52 /* Inter-Bold.ttf in Resources */ = {isa = PBXBuildFile; fileRef = B3DAB8556630451E99CDDAF8 /* Inter-Bold.ttf */; };
		D04BA5ED899542BCAAB21C4C /* Inter-BoldItalic.ttf in Resources */ = {isa = PBXBuildFile; fileRef = DD8803965A794A289674E123 /* Inter-BoldItalic.ttf */; };
		0B58C2D61D334AF99D9C526C /* Inter-ExtraBold.ttf in Resources */ = {isa = PBXBuildFile; fileRef = A2B1EBA9B7714C0A9F584195 /* Inter-ExtraBold.ttf */; };
		C51C239A2FD8401882FBBE33 /* Inter-ExtraBoldItalic.ttf in Resources */ = {isa = PBXBuildFile; fileRef = B3634BDCFDFD4EAAB47B9052 /* Inter-ExtraBoldItalic.ttf */; };
		EA60863C34404B00A66B3570 /* Inter-ExtraLight-BETA.ttf in Resources */ = {isa = PBXBuildFile; fileRef = 59620B028FF94519815BC8E6 /* Inter-ExtraLight-BETA.ttf */; };
		07CC66CBBC194229B7DD448A /* Inter-ExtraLightItalic-BETA.ttf in Resources */ = {isa = PBXBuildFile; fileRef = 496C8B442B2745B59A636BC7 /* Inter-ExtraLightItalic-BETA.ttf */; };
		BA00832CF9F443E6A66ECF67 /* Inter-Italic.ttf in Resources */ = {isa = PBXBuildFile; fileRef = E655C4F3C4BA4D19BE5688F0 /* Inter-Italic.ttf */; };
		8EB610BF729E436B89AE6A4A /* Inter-Light-BETA.ttf in Resources */ = {isa = PBXBuildFile; fileRef = 970F0EA393F648639E6BFA8B /* Inter-Light-BETA.ttf */; };
		C0876B59D6D44E0BA9270FE5 /* Inter-LightItalic-BETA.ttf in Resources */ = {isa = PBXBuildFile; fileRef = 89BD7EA3EA68477B8EF60BEA /* Inter-LightItalic-BETA.ttf */; };
		6DE347B1019E44E7ADD635A9 /* Inter-Medium.ttf in Resources */ = {isa = PBXBuildFile; fileRef = BEC9125A31C74EF98AA5A6D7 /* Inter-Medium.ttf */; };
		50316AE23F74426194A2C7F9 /* Inter-MediumItalic.ttf in Resources */ = {isa = PBXBuildFile; fileRef = A7B0794DEA6A491C86F33A8A /* Inter-MediumItalic.ttf */; };
		DAED2EE3731E4FBE8E5529B8 /* Inter-Regular.ttf in Resources */ = {isa = PBXBuildFile; fileRef = 5D088FD29B7F4FBC8BD5F7A6 /* Inter-Regular.ttf */; };
		BBF432A909544611AD3DCDCA /* Inter-SemiBold.ttf in Resources */ = {isa = PBXBuildFile; fileRef = 5C95CEDFCB4B4308AB00178A /* Inter-SemiBold.ttf */; };
		36E0ED0F847844C78C22E4C5 /* Inter-SemiBoldItalic.ttf in Resources */ = {isa = PBXBuildFile; fileRef = 4F1CD48B45DB4B4FAA24BF7D /* Inter-SemiBoldItalic.ttf */; };
		51EBDF44B29B4615B31D107E /* Inter-Thin-BETA.ttf in Resources */ = {isa = PBXBuildFile; fileRef = 912F82BB0C684B058B0F6DEC /* Inter-Thin-BETA.ttf */; };
		F40F1E2EA1924BE1B5B72E15 /* Inter-ThinItalic-BETA.ttf in Resources */ = {isa = PBXBuildFile; fileRef = D447AD126AB24BFBAC6C9E33 /* Inter-ThinItalic-BETA.ttf */; };
		EEC0A081E4BD4CAB91D1FDC5 /* Inter-UI-BlackItalic.ttf in Resources */ = {isa = PBXBuildFile; fileRef = 738D7519047E4A1DB3354657 /* Inter-UI-BlackItalic.ttf */; };
		8CF2E8AF2E594B73BEFD4980 /* Poppins-Black.ttf in Resources */ = {isa = PBXBuildFile; fileRef = 0581975111CC43C883D82EA1 /* Poppins-Black.ttf */; };
		B71AD2FA9EA24058940A5ADC /* Poppins-BlackItalic.ttf in Resources */ = {isa = PBXBuildFile; fileRef = F055F489B48B4B98B1762B1F /* Poppins-BlackItalic.ttf */; };
		F8844060052644A3A7050AEA /* Poppins-Bold.ttf in Resources */ = {isa = PBXBuildFile; fileRef = BC09E3B7252449249FE412FE /* Poppins-Bold.ttf */; };
		854E0ED7BFB344C492485351 /* Poppins-BoldItalic.ttf in Resources */ = {isa = PBXBuildFile; fileRef = A2C9A22C77814F63BA47085B /* Poppins-BoldItalic.ttf */; };
		A26E5BD7E1B74D8BA099F342 /* Poppins-ExtraBold.ttf in Resources */ = {isa = PBXBuildFile; fileRef = 846615DE2E084AE7AB261CDF /* Poppins-ExtraBold.ttf */; };
		5A6A3EB55A5C45F4B27AC80E /* Poppins-ExtraBoldItalic.ttf in Resources */ = {isa = PBXBuildFile; fileRef = F6052BE8AC274A24956D051E /* Poppins-ExtraBoldItalic.ttf */; };
		51071F57EAA04EADB6E55582 /* Poppins-ExtraLight.ttf in Resources */ = {isa = PBXBuildFile; fileRef = 4E0A4D291AA2465D8549A8BB /* Poppins-ExtraLight.ttf */; };
		BD3CA18327544514ABB90D51 /* Poppins-ExtraLightItalic.ttf in Resources */ = {isa = PBXBuildFile; fileRef = 5F3D83B17D1040A1995B216B /* Poppins-ExtraLightItalic.ttf */; };
		F37BFEDC0122415FBD7162A8 /* Poppins-Italic.ttf in Resources */ = {isa = PBXBuildFile; fileRef = 2DBB3375CEFD49D18B18AB3A /* Poppins-Italic.ttf */; };
		EDE0918924234C95A1D1BD3F /* Poppins-Light.ttf in Resources */ = {isa = PBXBuildFile; fileRef = 3B72A255A9844F3D806CDB6D /* Poppins-Light.ttf */; };
		4C3FE0B725044F1D86FF9E18 /* Poppins-LightItalic.ttf in Resources */ = {isa = PBXBuildFile; fileRef = 16509529F604429BAD2CDAA1 /* Poppins-LightItalic.ttf */; };
		EF464C0F62FE4DF2A913CFD4 /* Poppins-Medium.ttf in Resources */ = {isa = PBXBuildFile; fileRef = C64F80D79A264630B9459BD7 /* Poppins-Medium.ttf */; };
		7D48DAE9D82A47CBAC72AE5C /* Poppins-MediumItalic.ttf in Resources */ = {isa = PBXBuildFile; fileRef = 9274B38CD00F4FEC82042C49 /* Poppins-MediumItalic.ttf */; };
		A3FFAFD8B16D4971B6F6EEC6 /* Poppins-Regular.ttf in Resources */ = {isa = PBXBuildFile; fileRef = CF2FE7932E85458F9C13DE3F /* Poppins-Regular.ttf */; };
		361D5EE208BA40EFB2216BD2 /* Poppins-SemiBold.ttf in Resources */ = {isa = PBXBuildFile; fileRef = 78BF8C2EEA61400FBF157ED5 /* Poppins-SemiBold.ttf */; };
		85F6C64A60D74B8BBB11D2C6 /* Poppins-SemiBoldItalic.ttf in Resources */ = {isa = PBXBuildFile; fileRef = 5A89DBE38F4E4E16BD7D420A /* Poppins-SemiBoldItalic.ttf */; };
		95E68F88ECEC4F07AF980053 /* Poppins-Thin.ttf in Resources */ = {isa = PBXBuildFile; fileRef = 28B7F4592E7F42AC944BFCBB /* Poppins-Thin.ttf */; };
		FFC60965447C4510A7F00DD3 /* Poppins-ThinItalic.ttf in Resources */ = {isa = PBXBuildFile; fileRef = ED8FCB3260134B58A65AAA15 /* Poppins-ThinItalic.ttf */; };
/* End PBXBuildFile section */

/* Begin PBXContainerItemProxy section */
		00E356F41AD99517003FC87E /* PBXContainerItemProxy */ = {
			isa = PBXContainerItemProxy;
			containerPortal = 83CBB9F71A601CBA00E9B192 /* Project object */;
			proxyType = 1;
			remoteGlobalIDString = 13B07F861A680F5B00A75B9A;
			remoteInfo = AssignmentProject;
		};
/* End PBXContainerItemProxy section */

/* Begin PBXFileReference section */
		00E356EE1AD99517003FC87E /* AssignmentProjectTests.xctest */ = {isa = PBXFileReference; explicitFileType = wrapper.cfbundle; includeInIndex = 0; path = AssignmentProjectTests.xctest; sourceTree = BUILT_PRODUCTS_DIR; };
		00E356F11AD99517003FC87E /* Info.plist */ = {isa = PBXFileReference; lastKnownFileType = text.plist.xml; path = Info.plist; sourceTree = "<group>"; };
		00E356F21AD99517003FC87E /* AssignmentProjectTests.m */ = {isa = PBXFileReference; lastKnownFileType = sourcecode.c.objc; path = AssignmentProjectTests.m; sourceTree = "<group>"; };
		13B07F961A680F5B00A75B9A /* AssignmentProject.app */ = {isa = PBXFileReference; explicitFileType = wrapper.application; includeInIndex = 0; path = AssignmentProject.app; sourceTree = BUILT_PRODUCTS_DIR; };
		13B07FAF1A68108700A75B9A /* AppDelegate.h */ = {isa = PBXFileReference; fileEncoding = 4; lastKnownFileType = sourcecode.c.h; name = AppDelegate.h; path = AssignmentProject/AppDelegate.h; sourceTree = "<group>"; };
		13B07FB01A68108700A75B9A /* AppDelegate.mm */ = {isa = PBXFileReference; fileEncoding = 4; lastKnownFileType = sourcecode.cpp.objcpp; name = AppDelegate.mm; path = AssignmentProject/AppDelegate.mm; sourceTree = "<group>"; };
		13B07FB51A68108700A75B9A /* Images.xcassets */ = {isa = PBXFileReference; lastKnownFileType = folder.assetcatalog; name = Images.xcassets; path = AssignmentProject/Images.xcassets; sourceTree = "<group>"; };
		13B07FB61A68108700A75B9A /* Info.plist */ = {isa = PBXFileReference; fileEncoding = 4; lastKnownFileType = text.plist.xml; name = Info.plist; path = AssignmentProject/Info.plist; sourceTree = "<group>"; };
		13B07FB71A68108700A75B9A /* main.m */ = {isa = PBXFileReference; fileEncoding = 4; lastKnownFileType = sourcecode.c.objc; name = main.m; path = AssignmentProject/main.m; sourceTree = "<group>"; };
		13B07FB81A68108700A75B9A /* PrivacyInfo.xcprivacy */ = {isa = PBXFileReference; fileEncoding = 4; lastKnownFileType = text.plist.xml; name = PrivacyInfo.xcprivacy; path = AssignmentProject/PrivacyInfo.xcprivacy; sourceTree = "<group>"; };
		19F6CBCC0A4E27FBF8BF4A61 /* libPods-AssignmentProject-AssignmentProjectTests.a */ = {isa = PBXFileReference; explicitFileType = archive.ar; includeInIndex = 0; path = "libPods-AssignmentProject-AssignmentProjectTests.a"; sourceTree = BUILT_PRODUCTS_DIR; };
		3B4392A12AC88292D35C810B /* Pods-AssignmentProject.debug.xcconfig */ = {isa = PBXFileReference; includeInIndex = 1; lastKnownFileType = text.xcconfig; name = "Pods-AssignmentProject.debug.xcconfig"; path = "Target Support Files/Pods-AssignmentProject/Pods-AssignmentProject.debug.xcconfig"; sourceTree = "<group>"; };
		5709B34CF0A7D63546082F79 /* Pods-AssignmentProject.release.xcconfig */ = {isa = PBXFileReference; includeInIndex = 1; lastKnownFileType = text.xcconfig; name = "Pods-AssignmentProject.release.xcconfig"; path = "Target Support Files/Pods-AssignmentProject/Pods-AssignmentProject.release.xcconfig"; sourceTree = "<group>"; };
		5B7EB9410499542E8C5724F5 /* Pods-AssignmentProject-AssignmentProjectTests.debug.xcconfig */ = {isa = PBXFileReference; includeInIndex = 1; lastKnownFileType = text.xcconfig; name = "Pods-AssignmentProject-AssignmentProjectTests.debug.xcconfig"; path = "Target Support Files/Pods-AssignmentProject-AssignmentProjectTests/Pods-AssignmentProject-AssignmentProjectTests.debug.xcconfig"; sourceTree = "<group>"; };
		5DCACB8F33CDC322A6C60F78 /* libPods-AssignmentProject.a */ = {isa = PBXFileReference; explicitFileType = archive.ar; includeInIndex = 0; path = "libPods-AssignmentProject.a"; sourceTree = BUILT_PRODUCTS_DIR; };
		81AB9BB72411601600AC10FF /* LaunchScreen.storyboard */ = {isa = PBXFileReference; fileEncoding = 4; lastKnownFileType = file.storyboard; name = LaunchScreen.storyboard; path = AssignmentProject/LaunchScreen.storyboard; sourceTree = "<group>"; };
		89C6BE57DB24E9ADA2F236DE /* Pods-AssignmentProject-AssignmentProjectTests.release.xcconfig */ = {isa = PBXFileReference; includeInIndex = 1; lastKnownFileType = text.xcconfig; name = "Pods-AssignmentProject-AssignmentProjectTests.release.xcconfig"; path = "Target Support Files/Pods-AssignmentProject-AssignmentProjectTests/Pods-AssignmentProject-AssignmentProjectTests.release.xcconfig"; sourceTree = "<group>"; };
		ED297162215061F000B7C4FE /* JavaScriptCore.framework */ = {isa = PBXFileReference; lastKnownFileType = wrapper.framework; name = JavaScriptCore.framework; path = System/Library/Frameworks/JavaScriptCore.framework; sourceTree = SDKROOT; };
		68C67D5A6767480FBC611D35 /* Inter-Black.ttf */ = {isa = PBXFileReference; name = "Inter-Black.ttf"; path = "../src/assets/fonts/Inter-Black.ttf"; sourceTree = "<group>"; fileEncoding = undefined; lastKnownFileType = unknown; explicitFileType = undefined; includeInIndex = 0; };
		B3DAB8556630451E99CDDAF8 /* Inter-Bold.ttf */ = {isa = PBXFileReference; name = "Inter-Bold.ttf"; path = "../src/assets/fonts/Inter-Bold.ttf"; sourceTree = "<group>"; fileEncoding = undefined; lastKnownFileType = unknown; explicitFileType = undefined; includeInIndex = 0; };
		DD8803965A794A289674E123 /* Inter-BoldItalic.ttf */ = {isa = PBXFileReference; name = "Inter-BoldItalic.ttf"; path = "../src/assets/fonts/Inter-BoldItalic.ttf"; sourceTree = "<group>"; fileEncoding = undefined; lastKnownFileType = unknown; explicitFileType = undefined; includeInIndex = 0; };
		A2B1EBA9B7714C0A9F584195 /* Inter-ExtraBold.ttf */ = {isa = PBXFileReference; name = "Inter-ExtraBold.ttf"; path = "../src/assets/fonts/Inter-ExtraBold.ttf"; sourceTree = "<group>"; fileEncoding = undefined; lastKnownFileType = unknown; explicitFileType = undefined; includeInIndex = 0; };
		B3634BDCFDFD4EAAB47B9052 /* Inter-ExtraBoldItalic.ttf */ = {isa = PBXFileReference; name = "Inter-ExtraBoldItalic.ttf"; path = "../src/assets/fonts/Inter-ExtraBoldItalic.ttf"; sourceTree = "<group>"; fileEncoding = undefined; lastKnownFileType = unknown; explicitFileType = undefined; includeInIndex = 0; };
		59620B028FF94519815BC8E6 /* Inter-ExtraLight-BETA.ttf */ = {isa = PBXFileReference; name = "Inter-ExtraLight-BETA.ttf"; path = "../src/assets/fonts/Inter-ExtraLight-BETA.ttf"; sourceTree = "<group>"; fileEncoding = undefined; lastKnownFileType = unknown; explicitFileType = undefined; includeInIndex = 0; };
		496C8B442B2745B59A636BC7 /* Inter-ExtraLightItalic-BETA.ttf */ = {isa = PBXFileReference; name = "Inter-ExtraLightItalic-BETA.ttf"; path = "../src/assets/fonts/Inter-ExtraLightItalic-BETA.ttf"; sourceTree = "<group>"; fileEncoding = undefined; lastKnownFileType = unknown; explicitFileType = undefined; includeInIndex = 0; };
		E655C4F3C4BA4D19BE5688F0 /* Inter-Italic.ttf */ = {isa = PBXFileReference; name = "Inter-Italic.ttf"; path = "../src/assets/fonts/Inter-Italic.ttf"; sourceTree = "<group>"; fileEncoding = undefined; lastKnownFileType = unknown; explicitFileType = undefined; includeInIndex = 0; };
		970F0EA393F648639E6BFA8B /* Inter-Light-BETA.ttf */ = {isa = PBXFileReference; name = "Inter-Light-BETA.ttf"; path = "../src/assets/fonts/Inter-Light-BETA.ttf"; sourceTree = "<group>"; fileEncoding = undefined; lastKnownFileType = unknown; explicitFileType = undefined; includeInIndex = 0; };
		89BD7EA3EA68477B8EF60BEA /* Inter-LightItalic-BETA.ttf */ = {isa = PBXFileReference; name = "Inter-LightItalic-BETA.ttf"; path = "../src/assets/fonts/Inter-LightItalic-BETA.ttf"; sourceTree = "<group>"; fileEncoding = undefined; lastKnownFileType = unknown; explicitFileType = undefined; includeInIndex = 0; };
		BEC9125A31C74EF98AA5A6D7 /* Inter-Medium.ttf */ = {isa = PBXFileReference; name = "Inter-Medium.ttf"; path = "../src/assets/fonts/Inter-Medium.ttf"; sourceTree = "<group>"; fileEncoding = undefined; lastKnownFileType = unknown; explicitFileType = undefined; includeInIndex = 0; };
		A7B0794DEA6A491C86F33A8A /* Inter-MediumItalic.ttf */ = {isa = PBXFileReference; name = "Inter-MediumItalic.ttf"; path = "../src/assets/fonts/Inter-MediumItalic.ttf"; sourceTree = "<group>"; fileEncoding = undefined; lastKnownFileType = unknown; explicitFileType = undefined; includeInIndex = 0; };
		5D088FD29B7F4FBC8BD5F7A6 /* Inter-Regular.ttf */ = {isa = PBXFileReference; name = "Inter-Regular.ttf"; path = "../src/assets/fonts/Inter-Regular.ttf"; sourceTree = "<group>"; fileEncoding = undefined; lastKnownFileType = unknown; explicitFileType = undefined; includeInIndex = 0; };
		5C95CEDFCB4B4308AB00178A /* Inter-SemiBold.ttf */ = {isa = PBXFileReference; name = "Inter-SemiBold.ttf"; path = "../src/assets/fonts/Inter-SemiBold.ttf"; sourceTree = "<group>"; fileEncoding = undefined; lastKnownFileType = unknown; explicitFileType = undefined; includeInIndex = 0; };
		4F1CD48B45DB4B4FAA24BF7D /* Inter-SemiBoldItalic.ttf */ = {isa = PBXFileReference; name = "Inter-SemiBoldItalic.ttf"; path = "../src/assets/fonts/Inter-SemiBoldItalic.ttf"; sourceTree = "<group>"; fileEncoding = undefined; lastKnownFileType = unknown; explicitFileType = undefined; includeInIndex = 0; };
		912F82BB0C684B058B0F6DEC /* Inter-Thin-BETA.ttf */ = {isa = PBXFileReference; name = "Inter-Thin-BETA.ttf"; path = "../src/assets/fonts/Inter-Thin-BETA.ttf"; sourceTree = "<group>"; fileEncoding = undefined; lastKnownFileType = unknown; explicitFileType = undefined; includeInIndex = 0; };
		D447AD126AB24BFBAC6C9E33 /* Inter-ThinItalic-BETA.ttf */ = {isa = PBXFileReference; name = "Inter-ThinItalic-BETA.ttf"; path = "../src/assets/fonts/Inter-ThinItalic-BETA.ttf"; sourceTree = "<group>"; fileEncoding = undefined; lastKnownFileType = unknown; explicitFileType = undefined; includeInIndex = 0; };
		738D7519047E4A1DB3354657 /* Inter-UI-BlackItalic.ttf */ = {isa = PBXFileReference; name = "Inter-UI-BlackItalic.ttf"; path = "../src/assets/fonts/Inter-UI-BlackItalic.ttf"; sourceTree = "<group>"; fileEncoding = undefined; lastKnownFileType = unknown; explicitFileType = undefined; includeInIndex = 0; };
		0581975111CC43C883D82EA1 /* Poppins-Black.ttf */ = {isa = PBXFileReference; name = "Poppins-Black.ttf"; path = "../src/assets/fonts/Poppins-Black.ttf"; sourceTree = "<group>"; fileEncoding = undefined; lastKnownFileType = unknown; explicitFileType = undefined; includeInIndex = 0; };
		F055F489B48B4B98B1762B1F /* Poppins-BlackItalic.ttf */ = {isa = PBXFileReference; name = "Poppins-BlackItalic.ttf"; path = "../src/assets/fonts/Poppins-BlackItalic.ttf"; sourceTree = "<group>"; fileEncoding = undefined; lastKnownFileType = unknown; explicitFileType = undefined; includeInIndex = 0; };
		BC09E3B7252449249FE412FE /* Poppins-Bold.ttf */ = {isa = PBXFileReference; name = "Poppins-Bold.ttf"; path = "../src/assets/fonts/Poppins-Bold.ttf"; sourceTree = "<group>"; fileEncoding = undefined; lastKnownFileType = unknown; explicitFileType = undefined; includeInIndex = 0; };
		A2C9A22C77814F63BA47085B /* Poppins-BoldItalic.ttf */ = {isa = PBXFileReference; name = "Poppins-BoldItalic.ttf"; path = "../src/assets/fonts/Poppins-BoldItalic.ttf"; sourceTree = "<group>"; fileEncoding = undefined; lastKnownFileType = unknown; explicitFileType = undefined; includeInIndex = 0; };
		846615DE2E084AE7AB261CDF /* Poppins-ExtraBold.ttf */ = {isa = PBXFileReference; name = "Poppins-ExtraBold.ttf"; path = "../src/assets/fonts/Poppins-ExtraBold.ttf"; sourceTree = "<group>"; fileEncoding = undefined; lastKnownFileType = unknown; explicitFileType = undefined; includeInIndex = 0; };
		F6052BE8AC274A24956D051E /* Poppins-ExtraBoldItalic.ttf */ = {isa = PBXFileReference; name = "Poppins-ExtraBoldItalic.ttf"; path = "../src/assets/fonts/Poppins-ExtraBoldItalic.ttf"; sourceTree = "<group>"; fileEncoding = undefined; lastKnownFileType = unknown; explicitFileType = undefined; includeInIndex = 0; };
		4E0A4D291AA2465D8549A8BB /* Poppins-ExtraLight.ttf */ = {isa = PBXFileReference; name = "Poppins-ExtraLight.ttf"; path = "../src/assets/fonts/Poppins-ExtraLight.ttf"; sourceTree = "<group>"; fileEncoding = undefined; lastKnownFileType = unknown; explicitFileType = undefined; includeInIndex = 0; };
		5F3D83B17D1040A1995B216B /* Poppins-ExtraLightItalic.ttf */ = {isa = PBXFileReference; name = "Poppins-ExtraLightItalic.ttf"; path = "../src/assets/fonts/Poppins-ExtraLightItalic.ttf"; sourceTree = "<group>"; fileEncoding = undefined; lastKnownFileType = unknown; explicitFileType = undefined; includeInIndex = 0; };
		2DBB3375CEFD49D18B18AB3A /* Poppins-Italic.ttf */ = {isa = PBXFileReference; name = "Poppins-Italic.ttf"; path = "../src/assets/fonts/Poppins-Italic.ttf"; sourceTree = "<group>"; fileEncoding = undefined; lastKnownFileType = unknown; explicitFileType = undefined; includeInIndex = 0; };
		3B72A255A9844F3D806CDB6D /* Poppins-Light.ttf */ = {isa = PBXFileReference; name = "Poppins-Light.ttf"; path = "../src/assets/fonts/Poppins-Light.ttf"; sourceTree = "<group>"; fileEncoding = undefined; lastKnownFileType = unknown; explicitFileType = undefined; includeInIndex = 0; };
		16509529F604429BAD2CDAA1 /* Poppins-LightItalic.ttf */ = {isa = PBXFileReference; name = "Poppins-LightItalic.ttf"; path = "../src/assets/fonts/Poppins-LightItalic.ttf"; sourceTree = "<group>"; fileEncoding = undefined; lastKnownFileType = unknown; explicitFileType = undefined; includeInIndex = 0; };
		C64F80D79A264630B9459BD7 /* Poppins-Medium.ttf */ = {isa = PBXFileReference; name = "Poppins-Medium.ttf"; path = "../src/assets/fonts/Poppins-Medium.ttf"; sourceTree = "<group>"; fileEncoding = undefined; lastKnownFileType = unknown; explicitFileType = undefined; includeInIndex = 0; };
		9274B38CD00F4FEC82042C49 /* Poppins-MediumItalic.ttf */ = {isa = PBXFileReference; name = "Poppins-MediumItalic.ttf"; path = "../src/assets/fonts/Poppins-MediumItalic.ttf"; sourceTree = "<group>"; fileEncoding = undefined; lastKnownFileType = unknown; explicitFileType = undefined; includeInIndex = 0; };
		CF2FE7932E85458F9C13DE3F /* Poppins-Regular.ttf */ = {isa = PBXFileReference; name = "Poppins-Regular.ttf"; path = "../src/assets/fonts/Poppins-Regular.ttf"; sourceTree = "<group>"; fileEncoding = undefined; lastKnownFileType = unknown; explicitFileType = undefined; includeInIndex = 0; };
		78BF8C2EEA61400FBF157ED5 /* Poppins-SemiBold.ttf */ = {isa = PBXFileReference; name = "Poppins-SemiBold.ttf"; path = "../src/assets/fonts/Poppins-SemiBold.ttf"; sourceTree = "<group>"; fileEncoding = undefined; lastKnownFileType = unknown; explicitFileType = undefined; includeInIndex = 0; };
		5A89DBE38F4E4E16BD7D420A /* Poppins-SemiBoldItalic.ttf */ = {isa = PBXFileReference; name = "Poppins-SemiBoldItalic.ttf"; path = "../src/assets/fonts/Poppins-SemiBoldItalic.ttf"; sourceTree = "<group>"; fileEncoding = undefined; lastKnownFileType = unknown; explicitFileType = undefined; includeInIndex = 0; };
		28B7F4592E7F42AC944BFCBB /* Poppins-Thin.ttf */ = {isa = PBXFileReference; name = "Poppins-Thin.ttf"; path = "../src/assets/fonts/Poppins-Thin.ttf"; sourceTree = "<group>"; fileEncoding = undefined; lastKnownFileType = unknown; explicitFileType = undefined; includeInIndex = 0; };
		ED8FCB3260134B58A65AAA15 /* Poppins-ThinItalic.ttf */ = {isa = PBXFileReference; name = "Poppins-ThinItalic.ttf"; path = "../src/assets/fonts/Poppins-ThinItalic.ttf"; sourceTree = "<group>"; fileEncoding = undefined; lastKnownFileType = unknown; explicitFileType = undefined; includeInIndex = 0; };
/* End PBXFileReference section */

/* Begin PBXFrameworksBuildPhase section */
		00E356EB1AD99517003FC87E /* Frameworks */ = {
			isa = PBXFrameworksBuildPhase;
			buildActionMask = 2147483647;
			files = (
				7699B88040F8A987B510C191 /* libPods-AssignmentProject-AssignmentProjectTests.a in Frameworks */,
			);
			runOnlyForDeploymentPostprocessing = 0;
		};
		13B07F8C1A680F5B00A75B9A /* Frameworks */ = {
			isa = PBXFrameworksBuildPhase;
			buildActionMask = 2147483647;
			files = (
				0C80B921A6F3F58F76C31292 /* libPods-AssignmentProject.a in Frameworks */,
			);
			runOnlyForDeploymentPostprocessing = 0;
		};
/* End PBXFrameworksBuildPhase section */

/* Begin PBXGroup section */
		00E356EF1AD99517003FC87E /* AssignmentProjectTests */ = {
			isa = PBXGroup;
			children = (
				00E356F21AD99517003FC87E /* AssignmentProjectTests.m */,
				00E356F01AD99517003FC87E /* Supporting Files */,
			);
			path = AssignmentProjectTests;
			sourceTree = "<group>";
		};
		00E356F01AD99517003FC87E /* Supporting Files */ = {
			isa = PBXGroup;
			children = (
				00E356F11AD99517003FC87E /* Info.plist */,
			);
			name = "Supporting Files";
			sourceTree = "<group>";
		};
		13B07FAE1A68108700A75B9A /* AssignmentProject */ = {
			isa = PBXGroup;
			children = (
				13B07FAF1A68108700A75B9A /* AppDelegate.h */,
				13B07FB01A68108700A75B9A /* AppDelegate.mm */,
				13B07FB51A68108700A75B9A /* Images.xcassets */,
				13B07FB61A68108700A75B9A /* Info.plist */,
				81AB9BB72411601600AC10FF /* LaunchScreen.storyboard */,
				13B07FB71A68108700A75B9A /* main.m */,
				13B07FB81A68108700A75B9A /* PrivacyInfo.xcprivacy */,
			);
			name = AssignmentProject;
			sourceTree = "<group>";
		};
		2D16E6871FA4F8E400B85C8A /* Frameworks */ = {
			isa = PBXGroup;
			children = (
				ED297162215061F000B7C4FE /* JavaScriptCore.framework */,
				5DCACB8F33CDC322A6C60F78 /* libPods-AssignmentProject.a */,
				19F6CBCC0A4E27FBF8BF4A61 /* libPods-AssignmentProject-AssignmentProjectTests.a */,
			);
			name = Frameworks;
			sourceTree = "<group>";
		};
		832341AE1AAA6A7D00B99B32 /* Libraries */ = {
			isa = PBXGroup;
			children = (
			);
			name = Libraries;
			sourceTree = "<group>";
		};
		83CBB9F61A601CBA00E9B192 = {
			isa = PBXGroup;
			children = (
				13B07FAE1A68108700A75B9A /* AssignmentProject */,
				832341AE1AAA6A7D00B99B32 /* Libraries */,
				00E356EF1AD99517003FC87E /* AssignmentProjectTests */,
				83CBBA001A601CBA00E9B192 /* Products */,
				2D16E6871FA4F8E400B85C8A /* Frameworks */,
				BBD78D7AC51CEA395F1C20DB /* Pods */,
				4AC880DACF9F4851ADCC33B0 /* Resources */,
			);
			indentWidth = 2;
			sourceTree = "<group>";
			tabWidth = 2;
			usesTabs = 0;
		};
		83CBBA001A601CBA00E9B192 /* Products */ = {
			isa = PBXGroup;
			children = (
				13B07F961A680F5B00A75B9A /* AssignmentProject.app */,
				00E356EE1AD99517003FC87E /* AssignmentProjectTests.xctest */,
			);
			name = Products;
			sourceTree = "<group>";
		};
		BBD78D7AC51CEA395F1C20DB /* Pods */ = {
			isa = PBXGroup;
			children = (
				3B4392A12AC88292D35C810B /* Pods-AssignmentProject.debug.xcconfig */,
				5709B34CF0A7D63546082F79 /* Pods-AssignmentProject.release.xcconfig */,
				5B7EB9410499542E8C5724F5 /* Pods-AssignmentProject-AssignmentProjectTests.debug.xcconfig */,
				89C6BE57DB24E9ADA2F236DE /* Pods-AssignmentProject-AssignmentProjectTests.release.xcconfig */,
			);
			path = Pods;
			sourceTree = "<group>";
		};
		4AC880DACF9F4851ADCC33B0 /* Resources */ = {
			isa = "PBXGroup";
			children = (
				68C67D5A6767480FBC611D35 /* Inter-Black.ttf */,
				B3DAB8556630451E99CDDAF8 /* Inter-Bold.ttf */,
				DD8803965A794A289674E123 /* Inter-BoldItalic.ttf */,
				A2B1EBA9B7714C0A9F584195 /* Inter-ExtraBold.ttf */,
				B3634BDCFDFD4EAAB47B9052 /* Inter-ExtraBoldItalic.ttf */,
				59620B028FF94519815BC8E6 /* Inter-ExtraLight-BETA.ttf */,
				496C8B442B2745B59A636BC7 /* Inter-ExtraLightItalic-BETA.ttf */,
				E655C4F3C4BA4D19BE5688F0 /* Inter-Italic.ttf */,
				970F0EA393F648639E6BFA8B /* Inter-Light-BETA.ttf */,
				89BD7EA3EA68477B8EF60BEA /* Inter-LightItalic-BETA.ttf */,
				BEC9125A31C74EF98AA5A6D7 /* Inter-Medium.ttf */,
				A7B0794DEA6A491C86F33A8A /* Inter-MediumItalic.ttf */,
				5D088FD29B7F4FBC8BD5F7A6 /* Inter-Regular.ttf */,
				5C95CEDFCB4B4308AB00178A /* Inter-SemiBold.ttf */,
				4F1CD48B45DB4B4FAA24BF7D /* Inter-SemiBoldItalic.ttf */,
				912F82BB0C684B058B0F6DEC /* Inter-Thin-BETA.ttf */,
				D447AD126AB24BFBAC6C9E33 /* Inter-ThinItalic-BETA.ttf */,
				738D7519047E4A1DB3354657 /* Inter-UI-BlackItalic.ttf */,
				0581975111CC43C883D82EA1 /* Poppins-Black.ttf */,
				F055F489B48B4B98B1762B1F /* Poppins-BlackItalic.ttf */,
				BC09E3B7252449249FE412FE /* Poppins-Bold.ttf */,
				A2C9A22C77814F63BA47085B /* Poppins-BoldItalic.ttf */,
				846615DE2E084AE7AB261CDF /* Poppins-ExtraBold.ttf */,
				F6052BE8AC274A24956D051E /* Poppins-ExtraBoldItalic.ttf */,
				4E0A4D291AA2465D8549A8BB /* Poppins-ExtraLight.ttf */,
				5F3D83B17D1040A1995B216B /* Poppins-ExtraLightItalic.ttf */,
				2DBB3375CEFD49D18B18AB3A /* Poppins-Italic.ttf */,
				3B72A255A9844F3D806CDB6D /* Poppins-Light.ttf */,
				16509529F604429BAD2CDAA1 /* Poppins-LightItalic.ttf */,
				C64F80D79A264630B9459BD7 /* Poppins-Medium.ttf */,
				9274B38CD00F4FEC82042C49 /* Poppins-MediumItalic.ttf */,
				CF2FE7932E85458F9C13DE3F /* Poppins-Regular.ttf */,
				78BF8C2EEA61400FBF157ED5 /* Poppins-SemiBold.ttf */,
				5A89DBE38F4E4E16BD7D420A /* Poppins-SemiBoldItalic.ttf */,
				28B7F4592E7F42AC944BFCBB /* Poppins-Thin.ttf */,
				ED8FCB3260134B58A65AAA15 /* Poppins-ThinItalic.ttf */,
			);
			name = Resources;
			sourceTree = "<group>";
			path = "";
		};
/* End PBXGroup section */

/* Begin PBXNativeTarget section */
		00E356ED1AD99517003FC87E /* AssignmentProjectTests */ = {
			isa = PBXNativeTarget;
			buildConfigurationList = 00E357021AD99517003FC87E /* Build configuration list for PBXNativeTarget "AssignmentProjectTests" */;
			buildPhases = (
				A55EABD7B0C7F3A422A6CC61 /* [CP] Check Pods Manifest.lock */,
				00E356EA1AD99517003FC87E /* Sources */,
				00E356EB1AD99517003FC87E /* Frameworks */,
				00E356EC1AD99517003FC87E /* Resources */,
				C59DA0FBD6956966B86A3779 /* [CP] Embed Pods Frameworks */,
				F6A41C54EA430FDDC6A6ED99 /* [CP] Copy Pods Resources */,
			);
			buildRules = (
			);
			dependencies = (
				00E356F51AD99517003FC87E /* PBXTargetDependency */,
			);
			name = AssignmentProjectTests;
			productName = AssignmentProjectTests;
			productReference = 00E356EE1AD99517003FC87E /* AssignmentProjectTests.xctest */;
			productType = "com.apple.product-type.bundle.unit-test";
		};
		13B07F861A680F5B00A75B9A /* AssignmentProject */ = {
			isa = PBXNativeTarget;
			buildConfigurationList = 13B07F931A680F5B00A75B9A /* Build configuration list for PBXNativeTarget "AssignmentProject" */;
			buildPhases = (
				C38B50BA6285516D6DCD4F65 /* [CP] Check Pods Manifest.lock */,
				13B07F871A680F5B00A75B9A /* Sources */,
				13B07F8C1A680F5B00A75B9A /* Frameworks */,
				13B07F8E1A680F5B00A75B9A /* Resources */,
				00DD1BFF1BD5951E006B06BC /* Bundle React Native code and images */,
				00EEFC60759A1932668264C0 /* [CP] Embed Pods Frameworks */,
				E235C05ADACE081382539298 /* [CP] Copy Pods Resources */,
			);
			buildRules = (
			);
			dependencies = (
			);
			name = AssignmentProject;
			productName = AssignmentProject;
			productReference = 13B07F961A680F5B00A75B9A /* AssignmentProject.app */;
			productType = "com.apple.product-type.application";
		};
/* End PBXNativeTarget section */

/* Begin PBXProject section */
		83CBB9F71A601CBA00E9B192 /* Project object */ = {
			isa = PBXProject;
			attributes = {
				LastUpgradeCheck = 1210;
				TargetAttributes = {
					00E356ED1AD99517003FC87E = {
						CreatedOnToolsVersion = 6.2;
						TestTargetID = 13B07F861A680F5B00A75B9A;
					};
					13B07F861A680F5B00A75B9A = {
						LastSwiftMigration = 1120;
					};
				};
			};
			buildConfigurationList = 83CBB9FA1A601CBA00E9B192 /* Build configuration list for PBXProject "AssignmentProject" */;
			compatibilityVersion = "Xcode 12.0";
			developmentRegion = en;
			hasScannedForEncodings = 0;
			knownRegions = (
				en,
				Base,
			);
			mainGroup = 83CBB9F61A601CBA00E9B192;
			productRefGroup = 83CBBA001A601CBA00E9B192 /* Products */;
			projectDirPath = "";
			projectRoot = "";
			targets = (
				13B07F861A680F5B00A75B9A /* AssignmentProject */,
				00E356ED1AD99517003FC87E /* AssignmentProjectTests */,
			);
		};
/* End PBXProject section */

/* Begin PBXResourcesBuildPhase section */
		00E356EC1AD99517003FC87E /* Resources */ = {
			isa = PBXResourcesBuildPhase;
			buildActionMask = 2147483647;
			files = (
			);
			runOnlyForDeploymentPostprocessing = 0;
		};
		13B07F8E1A680F5B00A75B9A /* Resources */ = {
			isa = PBXResourcesBuildPhase;
			buildActionMask = 2147483647;
			files = (
				81AB9BB82411601600AC10FF /* LaunchScreen.storyboard in Resources */,
				13B07FBF1A68108700A75B9A /* Images.xcassets in Resources */,
				5B3C3A9AE5624C6A957B185F /* Inter-Black.ttf in Resources */,
				EB48A02C7351459BBB986A52 /* Inter-Bold.ttf in Resources */,
				D04BA5ED899542BCAAB21C4C /* Inter-BoldItalic.ttf in Resources */,
				0B58C2D61D334AF99D9C526C /* Inter-ExtraBold.ttf in Resources */,
				C51C239A2FD8401882FBBE33 /* Inter-ExtraBoldItalic.ttf in Resources */,
				EA60863C34404B00A66B3570 /* Inter-ExtraLight-BETA.ttf in Resources */,
				07CC66CBBC194229B7DD448A /* Inter-ExtraLightItalic-BETA.ttf in Resources */,
				BA00832CF9F443E6A66ECF67 /* Inter-Italic.ttf in Resources */,
				8EB610BF729E436B89AE6A4A /* Inter-Light-BETA.ttf in Resources */,
				C0876B59D6D44E0BA9270FE5 /* Inter-LightItalic-BETA.ttf in Resources */,
				6DE347B1019E44E7ADD635A9 /* Inter-Medium.ttf in Resources */,
				50316AE23F74426194A2C7F9 /* Inter-MediumItalic.ttf in Resources */,
				DAED2EE3731E4FBE8E5529B8 /* Inter-Regular.ttf in Resources */,
				BBF432A909544611AD3DCDCA /* Inter-SemiBold.ttf in Resources */,
				36E0ED0F847844C78C22E4C5 /* Inter-SemiBoldItalic.ttf in Resources */,
				51EBDF44B29B4615B31D107E /* Inter-Thin-BETA.ttf in Resources */,
				F40F1E2EA1924BE1B5B72E15 /* Inter-ThinItalic-BETA.ttf in Resources */,
				EEC0A081E4BD4CAB91D1FDC5 /* Inter-UI-BlackItalic.ttf in Resources */,
				8CF2E8AF2E594B73BEFD4980 /* Poppins-Black.ttf in Resources */,
				B71AD2FA9EA24058940A5ADC /* Poppins-BlackItalic.ttf in Resources */,
				F8844060052644A3A7050AEA /* Poppins-Bold.ttf in Resources */,
				854E0ED7BFB344C492485351 /* Poppins-BoldItalic.ttf in Resources */,
				A26E5BD7E1B74D8BA099F342 /* Poppins-ExtraBold.ttf in Resources */,
				5A6A3EB55A5C45F4B27AC80E /* Poppins-ExtraBoldItalic.ttf in Resources */,
				51071F57EAA04EADB6E55582 /* Poppins-ExtraLight.ttf in Resources */,
				BD3CA18327544514ABB90D51 /* Poppins-ExtraLightItalic.ttf in Resources */,
				F37BFEDC0122415FBD7162A8 /* Poppins-Italic.ttf in Resources */,
				EDE0918924234C95A1D1BD3F /* Poppins-Light.ttf in Resources */,
				4C3FE0B725044F1D86FF9E18 /* Poppins-LightItalic.ttf in Resources */,
				EF464C0F62FE4DF2A913CFD4 /* Poppins-Medium.ttf in Resources */,
				7D48DAE9D82A47CBAC72AE5C /* Poppins-MediumItalic.ttf in Resources */,
				A3FFAFD8B16D4971B6F6EEC6 /* Poppins-Regular.ttf in Resources */,
				361D5EE208BA40EFB2216BD2 /* Poppins-SemiBold.ttf in Resources */,
				85F6C64A60D74B8BBB11D2C6 /* Poppins-SemiBoldItalic.ttf in Resources */,
				95E68F88ECEC4F07AF980053 /* Poppins-Thin.ttf in Resources */,
				FFC60965447C4510A7F00DD3 /* Poppins-ThinItalic.ttf in Resources */,
			);
			runOnlyForDeploymentPostprocessing = 0;
		};
/* End PBXResourcesBuildPhase section */

/* Begin PBXShellScriptBuildPhase section */
		00DD1BFF1BD5951E006B06BC /* Bundle React Native code and images */ = {
			isa = PBXShellScriptBuildPhase;
			buildActionMask = 2147483647;
			files = (
			);
			inputPaths = (
				"$(SRCROOT)/.xcode.env.local",
				"$(SRCROOT)/.xcode.env",
			);
			name = "Bundle React Native code and images";
			outputPaths = (
			);
			runOnlyForDeploymentPostprocessing = 0;
			shellPath = /bin/sh;
			shellScript = "set -e\n\nWITH_ENVIRONMENT=\"$REACT_NATIVE_PATH/scripts/xcode/with-environment.sh\"\nREACT_NATIVE_XCODE=\"$REACT_NATIVE_PATH/scripts/react-native-xcode.sh\"\n\n/bin/sh -c \"$WITH_ENVIRONMENT $REACT_NATIVE_XCODE\"\n";
		};
		00EEFC60759A1932668264C0 /* [CP] Embed Pods Frameworks */ = {
			isa = PBXShellScriptBuildPhase;
			buildActionMask = 2147483647;
			files = (
			);
			inputFileListPaths = (
				"${PODS_ROOT}/Target Support Files/Pods-AssignmentProject/Pods-AssignmentProject-frameworks-${CONFIGURATION}-input-files.xcfilelist",
			);
			name = "[CP] Embed Pods Frameworks";
			outputFileListPaths = (
				"${PODS_ROOT}/Target Support Files/Pods-AssignmentProject/Pods-AssignmentProject-frameworks-${CONFIGURATION}-output-files.xcfilelist",
			);
			runOnlyForDeploymentPostprocessing = 0;
			shellPath = /bin/sh;
			shellScript = "\"${PODS_ROOT}/Target Support Files/Pods-AssignmentProject/Pods-AssignmentProject-frameworks.sh\"\n";
			showEnvVarsInLog = 0;
		};
		A55EABD7B0C7F3A422A6CC61 /* [CP] Check Pods Manifest.lock */ = {
			isa = PBXShellScriptBuildPhase;
			buildActionMask = 2147483647;
			files = (
			);
			inputFileListPaths = (
			);
			inputPaths = (
				"${PODS_PODFILE_DIR_PATH}/Podfile.lock",
				"${PODS_ROOT}/Manifest.lock",
			);
			name = "[CP] Check Pods Manifest.lock";
			outputFileListPaths = (
			);
			outputPaths = (
				"$(DERIVED_FILE_DIR)/Pods-AssignmentProject-AssignmentProjectTests-checkManifestLockResult.txt",
			);
			runOnlyForDeploymentPostprocessing = 0;
			shellPath = /bin/sh;
			shellScript = "diff \"${PODS_PODFILE_DIR_PATH}/Podfile.lock\" \"${PODS_ROOT}/Manifest.lock\" > /dev/null\nif [ $? != 0 ] ; then\n    # print error to STDERR\n    echo \"error: The sandbox is not in sync with the Podfile.lock. Run 'pod install' or update your CocoaPods installation.\" >&2\n    exit 1\nfi\n# This output is used by Xcode 'outputs' to avoid re-running this script phase.\necho \"SUCCESS\" > \"${SCRIPT_OUTPUT_FILE_0}\"\n";
			showEnvVarsInLog = 0;
		};
		C38B50BA6285516D6DCD4F65 /* [CP] Check Pods Manifest.lock */ = {
			isa = PBXShellScriptBuildPhase;
			buildActionMask = 2147483647;
			files = (
			);
			inputFileListPaths = (
			);
			inputPaths = (
				"${PODS_PODFILE_DIR_PATH}/Podfile.lock",
				"${PODS_ROOT}/Manifest.lock",
			);
			name = "[CP] Check Pods Manifest.lock";
			outputFileListPaths = (
			);
			outputPaths = (
				"$(DERIVED_FILE_DIR)/Pods-AssignmentProject-checkManifestLockResult.txt",
			);
			runOnlyForDeploymentPostprocessing = 0;
			shellPath = /bin/sh;
			shellScript = "diff \"${PODS_PODFILE_DIR_PATH}/Podfile.lock\" \"${PODS_ROOT}/Manifest.lock\" > /dev/null\nif [ $? != 0 ] ; then\n    # print error to STDERR\n    echo \"error: The sandbox is not in sync with the Podfile.lock. Run 'pod install' or update your CocoaPods installation.\" >&2\n    exit 1\nfi\n# This output is used by Xcode 'outputs' to avoid re-running this script phase.\necho \"SUCCESS\" > \"${SCRIPT_OUTPUT_FILE_0}\"\n";
			showEnvVarsInLog = 0;
		};
		C59DA0FBD6956966B86A3779 /* [CP] Embed Pods Frameworks */ = {
			isa = PBXShellScriptBuildPhase;
			buildActionMask = 2147483647;
			files = (
			);
			inputFileListPaths = (
				"${PODS_ROOT}/Target Support Files/Pods-AssignmentProject-AssignmentProjectTests/Pods-AssignmentProject-AssignmentProjectTests-frameworks-${CONFIGURATION}-input-files.xcfilelist",
			);
			name = "[CP] Embed Pods Frameworks";
			outputFileListPaths = (
				"${PODS_ROOT}/Target Support Files/Pods-AssignmentProject-AssignmentProjectTests/Pods-AssignmentProject-AssignmentProjectTests-frameworks-${CONFIGURATION}-output-files.xcfilelist",
			);
			runOnlyForDeploymentPostprocessing = 0;
			shellPath = /bin/sh;
			shellScript = "\"${PODS_ROOT}/Target Support Files/Pods-AssignmentProject-AssignmentProjectTests/Pods-AssignmentProject-AssignmentProjectTests-frameworks.sh\"\n";
			showEnvVarsInLog = 0;
		};
		E235C05ADACE081382539298 /* [CP] Copy Pods Resources */ = {
			isa = PBXShellScriptBuildPhase;
			buildActionMask = 2147483647;
			files = (
			);
			inputFileListPaths = (
				"${PODS_ROOT}/Target Support Files/Pods-AssignmentProject/Pods-AssignmentProject-resources-${CONFIGURATION}-input-files.xcfilelist",
			);
			name = "[CP] Copy Pods Resources";
			outputFileListPaths = (
				"${PODS_ROOT}/Target Support Files/Pods-AssignmentProject/Pods-AssignmentProject-resources-${CONFIGURATION}-output-files.xcfilelist",
			);
			runOnlyForDeploymentPostprocessing = 0;
			shellPath = /bin/sh;
			shellScript = "\"${PODS_ROOT}/Target Support Files/Pods-AssignmentProject/Pods-AssignmentProject-resources.sh\"\n";
			showEnvVarsInLog = 0;
		};
		F6A41C54EA430FDDC6A6ED99 /* [CP] Copy Pods Resources */ = {
			isa = PBXShellScriptBuildPhase;
			buildActionMask = 2147483647;
			files = (
			);
			inputFileListPaths = (
				"${PODS_ROOT}/Target Support Files/Pods-AssignmentProject-AssignmentProjectTests/Pods-AssignmentProject-AssignmentProjectTests-resources-${CONFIGURATION}-input-files.xcfilelist",
			);
			name = "[CP] Copy Pods Resources";
			outputFileListPaths = (
				"${PODS_ROOT}/Target Support Files/Pods-AssignmentProject-AssignmentProjectTests/Pods-AssignmentProject-AssignmentProjectTests-resources-${CONFIGURATION}-output-files.xcfilelist",
			);
			runOnlyForDeploymentPostprocessing = 0;
			shellPath = /bin/sh;
			shellScript = "\"${PODS_ROOT}/Target Support Files/Pods-AssignmentProject-AssignmentProjectTests/Pods-AssignmentProject-AssignmentProjectTests-resources.sh\"\n";
			showEnvVarsInLog = 0;
		};
/* End PBXShellScriptBuildPhase section */

/* Begin PBXSourcesBuildPhase section */
		00E356EA1AD99517003FC87E /* Sources */ = {
			isa = PBXSourcesBuildPhase;
			buildActionMask = 2147483647;
			files = (
				00E356F31AD99517003FC87E /* AssignmentProjectTests.m in Sources */,
			);
			runOnlyForDeploymentPostprocessing = 0;
		};
		13B07F871A680F5B00A75B9A /* Sources */ = {
			isa = PBXSourcesBuildPhase;
			buildActionMask = 2147483647;
			files = (
				13B07FBC1A68108700A75B9A /* AppDelegate.mm in Sources */,
				13B07FC11A68108700A75B9A /* main.m in Sources */,
			);
			runOnlyForDeploymentPostprocessing = 0;
		};
/* End PBXSourcesBuildPhase section */

/* Begin PBXTargetDependency section */
		00E356F51AD99517003FC87E /* PBXTargetDependency */ = {
			isa = PBXTargetDependency;
			target = 13B07F861A680F5B00A75B9A /* AssignmentProject */;
			targetProxy = 00E356F41AD99517003FC87E /* PBXContainerItemProxy */;
		};
/* End PBXTargetDependency section */

/* Begin XCBuildConfiguration section */
		00E356F61AD99517003FC87E /* Debug */ = {
			isa = XCBuildConfiguration;
			baseConfigurationReference = 5B7EB9410499542E8C5724F5 /* Pods-AssignmentProject-AssignmentProjectTests.debug.xcconfig */;
			buildSettings = {
				BUNDLE_LOADER = "$(TEST_HOST)";
				GCC_PREPROCESSOR_DEFINITIONS = (
					"DEBUG=1",
					"$(inherited)",
				);
				INFOPLIST_FILE = AssignmentProjectTests/Info.plist;
				IPHONEOS_DEPLOYMENT_TARGET = 13.4;
				LD_RUNPATH_SEARCH_PATHS = (
					"$(inherited)",
					"@executable_path/Frameworks",
					"@loader_path/Frameworks",
				);
				OTHER_LDFLAGS = (
					"-ObjC",
					"-lc++",
					"$(inherited)",
				);
				PRODUCT_BUNDLE_IDENTIFIER = "org.reactjs.native.example.$(PRODUCT_NAME:rfc1034identifier)";
				PRODUCT_NAME = "$(TARGET_NAME)";
				TEST_HOST = "$(BUILT_PRODUCTS_DIR)/AssignmentProject.app/AssignmentProject";
			};
			name = Debug;
		};
		00E356F71AD99517003FC87E /* Release */ = {
			isa = XCBuildConfiguration;
			baseConfigurationReference = 89C6BE57DB24E9ADA2F236DE /* Pods-AssignmentProject-AssignmentProjectTests.release.xcconfig */;
			buildSettings = {
				BUNDLE_LOADER = "$(TEST_HOST)";
				COPY_PHASE_STRIP = NO;
				INFOPLIST_FILE = AssignmentProjectTests/Info.plist;
				IPHONEOS_DEPLOYMENT_TARGET = 13.4;
				LD_RUNPATH_SEARCH_PATHS = (
					"$(inherited)",
					"@executable_path/Frameworks",
					"@loader_path/Frameworks",
				);
				OTHER_LDFLAGS = (
					"-ObjC",
					"-lc++",
					"$(inherited)",
				);
				PRODUCT_BUNDLE_IDENTIFIER = "org.reactjs.native.example.$(PRODUCT_NAME:rfc1034identifier)";
				PRODUCT_NAME = "$(TARGET_NAME)";
				TEST_HOST = "$(BUILT_PRODUCTS_DIR)/AssignmentProject.app/AssignmentProject";
			};
			name = Release;
		};
		13B07F941A680F5B00A75B9A /* Debug */ = {
			isa = XCBuildConfiguration;
			baseConfigurationReference = 3B4392A12AC88292D35C810B /* Pods-AssignmentProject.debug.xcconfig */;
			buildSettings = {
				ASSETCATALOG_COMPILER_APPICON_NAME = AppIcon;
				CLANG_ENABLE_MODULES = YES;
				CURRENT_PROJECT_VERSION = 1;
				ENABLE_BITCODE = NO;
				INFOPLIST_FILE = AssignmentProject/Info.plist;
				LD_RUNPATH_SEARCH_PATHS = (
					"$(inherited)",
					"@executable_path/Frameworks",
				);
				MARKETING_VERSION = 1.0;
				OTHER_LDFLAGS = (
					"$(inherited)",
					"-ObjC",
					"-lc++",
				);
				PRODUCT_BUNDLE_IDENTIFIER = "org.reactjs.native.example.$(PRODUCT_NAME:rfc1034identifier)";
				PRODUCT_NAME = AssignmentProject;
				SWIFT_OPTIMIZATION_LEVEL = "-Onone";
				SWIFT_VERSION = 5.0;
				VERSIONING_SYSTEM = "apple-generic";
			};
			name = Debug;
		};
		13B07F951A680F5B00A75B9A /* Release */ = {
			isa = XCBuildConfiguration;
			baseConfigurationReference = 5709B34CF0A7D63546082F79 /* Pods-AssignmentProject.release.xcconfig */;
			buildSettings = {
				ASSETCATALOG_COMPILER_APPICON_NAME = AppIcon;
				CLANG_ENABLE_MODULES = YES;
				CURRENT_PROJECT_VERSION = 1;
				INFOPLIST_FILE = AssignmentProject/Info.plist;
				LD_RUNPATH_SEARCH_PATHS = (
					"$(inherited)",
					"@executable_path/Frameworks",
				);
				MARKETING_VERSION = 1.0;
				OTHER_LDFLAGS = (
					"$(inherited)",
					"-ObjC",
					"-lc++",
				);
				PRODUCT_BUNDLE_IDENTIFIER = "org.reactjs.native.example.$(PRODUCT_NAME:rfc1034identifier)";
				PRODUCT_NAME = AssignmentProject;
				SWIFT_VERSION = 5.0;
				VERSIONING_SYSTEM = "apple-generic";
			};
			name = Release;
		};
		83CBBA201A601CBA00E9B192 /* Debug */ = {
			isa = XCBuildConfiguration;
			buildSettings = {
				ALWAYS_SEARCH_USER_PATHS = NO;
				CLANG_ANALYZER_LOCALIZABILITY_NONLOCALIZED = YES;
				CLANG_CXX_LANGUAGE_STANDARD = "c++20";
				CLANG_CXX_LIBRARY = "libc++";
				CLANG_ENABLE_MODULES = YES;
				CLANG_ENABLE_OBJC_ARC = YES;
				CLANG_WARN_BLOCK_CAPTURE_AUTORELEASING = YES;
				CLANG_WARN_BOOL_CONVERSION = YES;
				CLANG_WARN_COMMA = YES;
				CLANG_WARN_CONSTANT_CONVERSION = YES;
				CLANG_WARN_DEPRECATED_OBJC_IMPLEMENTATIONS = YES;
				CLANG_WARN_DIRECT_OBJC_ISA_USAGE = YES_ERROR;
				CLANG_WARN_EMPTY_BODY = YES;
				CLANG_WARN_ENUM_CONVERSION = YES;
				CLANG_WARN_INFINITE_RECURSION = YES;
				CLANG_WARN_INT_CONVERSION = YES;
				CLANG_WARN_NON_LITERAL_NULL_CONVERSION = YES;
				CLANG_WARN_OBJC_IMPLICIT_RETAIN_SELF = YES;
				CLANG_WARN_OBJC_LITERAL_CONVERSION = YES;
				CLANG_WARN_OBJC_ROOT_CLASS = YES_ERROR;
				CLANG_WARN_QUOTED_INCLUDE_IN_FRAMEWORK_HEADER = YES;
				CLANG_WARN_RANGE_LOOP_ANALYSIS = YES;
				CLANG_WARN_STRICT_PROTOTYPES = YES;
				CLANG_WARN_SUSPICIOUS_MOVE = YES;
				CLANG_WARN_UNREACHABLE_CODE = YES;
				CLANG_WARN__DUPLICATE_METHOD_MATCH = YES;
				"CODE_SIGN_IDENTITY[sdk=iphoneos*]" = "iPhone Developer";
				COPY_PHASE_STRIP = NO;
				ENABLE_STRICT_OBJC_MSGSEND = YES;
				ENABLE_TESTABILITY = YES;
				"EXCLUDED_ARCHS[sdk=iphonesimulator*]" = "";
				GCC_C_LANGUAGE_STANDARD = gnu99;
				GCC_DYNAMIC_NO_PIC = NO;
				GCC_NO_COMMON_BLOCKS = YES;
				GCC_OPTIMIZATION_LEVEL = 0;
				GCC_PREPROCESSOR_DEFINITIONS = (
					"DEBUG=1",
					"$(inherited)",
				);
				GCC_SYMBOLS_PRIVATE_EXTERN = NO;
				GCC_WARN_64_TO_32_BIT_CONVERSION = YES;
				GCC_WARN_ABOUT_RETURN_TYPE = YES_ERROR;
				GCC_WARN_UNDECLARED_SELECTOR = YES;
				GCC_WARN_UNINITIALIZED_AUTOS = YES_AGGRESSIVE;
				GCC_WARN_UNUSED_FUNCTION = YES;
				GCC_WARN_UNUSED_VARIABLE = YES;
				IPHONEOS_DEPLOYMENT_TARGET = 13.4;
				LD_RUNPATH_SEARCH_PATHS = (
					/usr/lib/swift,
					"$(inherited)",
				);
				LIBRARY_SEARCH_PATHS = (
					"\"$(SDKROOT)/usr/lib/swift\"",
					"\"$(TOOLCHAIN_DIR)/usr/lib/swift/$(PLATFORM_NAME)\"",
					"\"$(inherited)\"",
				);
				MTL_ENABLE_DEBUG_INFO = YES;
				ONLY_ACTIVE_ARCH = YES;
				OTHER_CPLUSPLUSFLAGS = (
					"$(OTHER_CFLAGS)",
					"-DFOLLY_NO_CONFIG",
					"-DFOLLY_MOBILE=1",
					"-DFOLLY_USE_LIBCPP=1",
					"-DFOLLY_CFG_NO_COROUTINES=1",
					"-DFOLLY_HAVE_CLOCK_GETTIME=1",
				);
				SDKROOT = iphoneos;
			};
			name = Debug;
		};
		83CBBA211A601CBA00E9B192 /* Release */ = {
			isa = XCBuildConfiguration;
			buildSettings = {
				ALWAYS_SEARCH_USER_PATHS = NO;
				CLANG_ANALYZER_LOCALIZABILITY_NONLOCALIZED = YES;
				CLANG_CXX_LANGUAGE_STANDARD = "c++20";
				CLANG_CXX_LIBRARY = "libc++";
				CLANG_ENABLE_MODULES = YES;
				CLANG_ENABLE_OBJC_ARC = YES;
				CLANG_WARN_BLOCK_CAPTURE_AUTORELEASING = YES;
				CLANG_WARN_BOOL_CONVERSION = YES;
				CLANG_WARN_COMMA = YES;
				CLANG_WARN_CONSTANT_CONVERSION = YES;
				CLANG_WARN_DEPRECATED_OBJC_IMPLEMENTATIONS = YES;
				CLANG_WARN_DIRECT_OBJC_ISA_USAGE = YES_ERROR;
				CLANG_WARN_EMPTY_BODY = YES;
				CLANG_WARN_ENUM_CONVERSION = YES;
				CLANG_WARN_INFINITE_RECURSION = YES;
				CLANG_WARN_INT_CONVERSION = YES;
				CLANG_WARN_NON_LITERAL_NULL_CONVERSION = YES;
				CLANG_WARN_OBJC_IMPLICIT_RETAIN_SELF = YES;
				CLANG_WARN_OBJC_LITERAL_CONVERSION = YES;
				CLANG_WARN_OBJC_ROOT_CLASS = YES_ERROR;
				CLANG_WARN_QUOTED_INCLUDE_IN_FRAMEWORK_HEADER = YES;
				CLANG_WARN_RANGE_LOOP_ANALYSIS = YES;
				CLANG_WARN_STRICT_PROTOTYPES = YES;
				CLANG_WARN_SUSPICIOUS_MOVE = YES;
				CLANG_WARN_UNREACHABLE_CODE = YES;
				CLANG_WARN__DUPLICATE_METHOD_MATCH = YES;
				"CODE_SIGN_IDENTITY[sdk=iphoneos*]" = "iPhone Developer";
				COPY_PHASE_STRIP = YES;
				ENABLE_NS_ASSERTIONS = NO;
				ENABLE_STRICT_OBJC_MSGSEND = YES;
				"EXCLUDED_ARCHS[sdk=iphonesimulator*]" = "";
				GCC_C_LANGUAGE_STANDARD = gnu99;
				GCC_NO_COMMON_BLOCKS = YES;
				GCC_WARN_64_TO_32_BIT_CONVERSION = YES;
				GCC_WARN_ABOUT_RETURN_TYPE = YES_ERROR;
				GCC_WARN_UNDECLARED_SELECTOR = YES;
				GCC_WARN_UNINITIALIZED_AUTOS = YES_AGGRESSIVE;
				GCC_WARN_UNUSED_FUNCTION = YES;
				GCC_WARN_UNUSED_VARIABLE = YES;
				IPHONEOS_DEPLOYMENT_TARGET = 13.4;
				LD_RUNPATH_SEARCH_PATHS = (
					/usr/lib/swift,
					"$(inherited)",
				);
				LIBRARY_SEARCH_PATHS = (
					"\"$(SDKROOT)/usr/lib/swift\"",
					"\"$(TOOLCHAIN_DIR)/usr/lib/swift/$(PLATFORM_NAME)\"",
					"\"$(inherited)\"",
				);
				MTL_ENABLE_DEBUG_INFO = NO;
				OTHER_CPLUSPLUSFLAGS = (
					"$(OTHER_CFLAGS)",
					"-DFOLLY_NO_CONFIG",
					"-DFOLLY_MOBILE=1",
					"-DFOLLY_USE_LIBCPP=1",
					"-DFOLLY_CFG_NO_COROUTINES=1",
					"-DFOLLY_HAVE_CLOCK_GETTIME=1",
				);
				SDKROOT = iphoneos;
				VALIDATE_PRODUCT = YES;
			};
			name = Release;
		};
/* End XCBuildConfiguration section */

/* Begin XCConfigurationList section */
		00E357021AD99517003FC87E /* Build configuration list for PBXNativeTarget "AssignmentProjectTests" */ = {
			isa = XCConfigurationList;
			buildConfigurations = (
				00E356F61AD99517003FC87E /* Debug */,
				00E356F71AD99517003FC87E /* Release */,
			);
			defaultConfigurationIsVisible = 0;
			defaultConfigurationName = Release;
		};
		13B07F931A680F5B00A75B9A /* Build configuration list for PBXNativeTarget "AssignmentProject" */ = {
			isa = XCConfigurationList;
			buildConfigurations = (
				13B07F941A680F5B00A75B9A /* Debug */,
				13B07F951A680F5B00A75B9A /* Release */,
			);
			defaultConfigurationIsVisible = 0;
			defaultConfigurationName = Release;
		};
		83CBB9FA1A601CBA00E9B192 /* Build configuration list for PBXProject "AssignmentProject" */ = {
			isa = XCConfigurationList;
			buildConfigurations = (
				83CBBA201A601CBA00E9B192 /* Debug */,
				83CBBA211A601CBA00E9B192 /* Release */,
			);
			defaultConfigurationIsVisible = 0;
			defaultConfigurationName = Release;
		};
/* End XCConfigurationList section */
	};
	rootObject = 83CBB9F71A601CBA00E9B192 /* Project object */;
}
